<?xml version="1.0" encoding="utf-8"?>
<Project ToolsVersion="4.0" xmlns="http://schemas.microsoft.com/developer/msbuild/2003">
  <ItemGroup>
    <Filter Include="framework\EliteGeometry">
      <UniqueIdentifier>{384ec780-3584-4d9d-9ac4-5c8e70027a08}</UniqueIdentifier>
    </Filter>
    <Filter Include="framework">
      <UniqueIdentifier>{6953c5f6-6552-4176-8811-deff38e4e467}</UniqueIdentifier>
    </Filter>
    <Filter Include="framework\EliteInput">
      <UniqueIdentifier>{69b177ce-af0f-4833-b3bc-d2ab9aea1d44}</UniqueIdentifier>
    </Filter>
    <Filter Include="framework\EliteMath">
      <UniqueIdentifier>{7d368c56-bf42-4ea6-9aae-9279f76b7923}</UniqueIdentifier>
    </Filter>
    <Filter Include="framework\ElitePhysics\Box2DIntegration">
      <UniqueIdentifier>{6852127a-7228-4fe5-8fae-42b115bd71a5}</UniqueIdentifier>
    </Filter>
    <Filter Include="framework\ElitePhysics">
      <UniqueIdentifier>{b3fce2f3-463e-4c8c-b949-2f0216de721b}</UniqueIdentifier>
    </Filter>
    <Filter Include="framework\EliteRendering\2DCamera">
      <UniqueIdentifier>{28c8a4ba-3869-45a3-90e9-ec1b4cdffc49}</UniqueIdentifier>
    </Filter>
    <Filter Include="framework\EliteRendering">
      <UniqueIdentifier>{8090abb5-898f-4195-8f47-e22d46847d25}</UniqueIdentifier>
    </Filter>
    <Filter Include="framework\EliteRendering\SDLIntegration\SDLDebugRenderer2D">
      <UniqueIdentifier>{f6b4a6b0-243f-4340-b7c1-f8daf4cc3fce}</UniqueIdentifier>
    </Filter>
    <Filter Include="framework\EliteRendering\SDLIntegration">
      <UniqueIdentifier>{878fa904-e2b3-42b9-b61f-e60d856a4082}</UniqueIdentifier>
    </Filter>
    <Filter Include="framework\EliteRendering\SDLIntegration\SDLFrame">
      <UniqueIdentifier>{e671cecc-dbfc-43a3-afd9-b80a100712b3}</UniqueIdentifier>
    </Filter>
    <Filter Include="framework\EliteTimer\SDLTimer">
      <UniqueIdentifier>{81b3dc88-3f14-4b2e-98e6-e720776ca1d4}</UniqueIdentifier>
    </Filter>
    <Filter Include="framework\EliteTimer">
      <UniqueIdentifier>{8ff9b905-63fc-4790-864c-592fa3d7d50b}</UniqueIdentifier>
    </Filter>
    <Filter Include="framework\EliteUI">
      <UniqueIdentifier>{d1df9998-1747-4f4f-a24a-a091082aac67}</UniqueIdentifier>
    </Filter>
    <Filter Include="framework\EliteWindow\SDLWindow">
      <UniqueIdentifier>{91e87aa0-b957-4c80-9fce-b7b67272ce66}</UniqueIdentifier>
    </Filter>
    <Filter Include="framework\EliteWindow">
      <UniqueIdentifier>{f0844e4c-78f9-4cfd-a302-990e26d9c6b4}</UniqueIdentifier>
    </Filter>
    <Filter Include="framework\EliteRendering\SDLIntegration\SDLHelpers">
      <UniqueIdentifier>{1437c892-e346-4e48-81b9-ab3c47f11bf6}</UniqueIdentifier>
    </Filter>
    <Filter Include="projects\Movement\Sandbox">
      <UniqueIdentifier>{911220db-11f0-42cf-9631-e79a78846550}</UniqueIdentifier>
    </Filter>
    <Filter Include="projects\Movement">
      <UniqueIdentifier>{88a4a966-92c0-4a9a-8416-764d4036f392}</UniqueIdentifier>
    </Filter>
    <Filter Include="projects">
      <UniqueIdentifier>{78dd5956-6c9f-4d8b-944e-33ab49a9aca8}</UniqueIdentifier>
    </Filter>
    <Filter Include="projects\Movement\SteeringBehaviors\Steering">
      <UniqueIdentifier>{b14101d9-f680-413b-a0d7-72c973c8219e}</UniqueIdentifier>
    </Filter>
    <Filter Include="projects\Movement\SteeringBehaviors">
      <UniqueIdentifier>{eab3832b-7fa5-46b7-8793-752ee8261fed}</UniqueIdentifier>
    </Filter>
    <Filter Include="projects\Shared">
      <UniqueIdentifier>{834f9883-0e8c-4fd1-b678-cd35ff12eca8}</UniqueIdentifier>
    </Filter>
    <Filter Include="framework\EliteHelpers">
      <UniqueIdentifier>{10ae2b7e-75e4-408b-acb9-1575b38972be}</UniqueIdentifier>
    </Filter>
    <Filter Include="framework\math">
      <UniqueIdentifier>{c2639ec2-ef27-402c-a0fe-25d0cdc4e003}</UniqueIdentifier>
    </Filter>
    <Filter Include="framework\EliteInterfaces">
      <UniqueIdentifier>{ae5131e2-61b3-4422-b3f8-a1d8ecb2bb4a}</UniqueIdentifier>
    </Filter>
    <Filter Include="projects\Movement\SteeringBehaviors\CombinedSteering">
      <UniqueIdentifier>{bb306240-31b7-4879-ac7f-bedbd6f0d3fb}</UniqueIdentifier>
    </Filter>
    <Filter Include="projects\Movement\SteeringBehaviors\Flocking">
      <UniqueIdentifier>{25efe523-f0b7-4fc6-9b8c-c30a85f2c472}</UniqueIdentifier>
    </Filter>
    <Filter Include="projects\Movement\SteeringBehaviors\SpacePartitioning">
      <UniqueIdentifier>{17faa736-fdc6-4042-92d3-ea0470ea4986}</UniqueIdentifier>
    </Filter>
    <Filter Include="projects\Movement\Pathfinding">
      <UniqueIdentifier>{8611bdfb-f3aa-4af1-bcce-fed989e450fe}</UniqueIdentifier>
    </Filter>
    <Filter Include="framework\EliteAI">
      <UniqueIdentifier>{b7398890-df39-4e01-aa94-6709ae2dcc15}</UniqueIdentifier>
    </Filter>
    <Filter Include="framework\EliteAI\EliteGraphAlgorithms">
      <UniqueIdentifier>{75514c29-030f-4fb6-a35c-ec7897a4881b}</UniqueIdentifier>
    </Filter>
    <Filter Include="framework\EliteAI\EliteGraphUtilities">
      <UniqueIdentifier>{d3194ea0-17c6-4b95-8a91-fefa5291da77}</UniqueIdentifier>
    </Filter>
    <Filter Include="projects\Movement\Pathfinding\PathfindingAStar">
      <UniqueIdentifier>{cd0b69fe-69e5-44cb-8686-1ebf2f2af0a9}</UniqueIdentifier>
    </Filter>
    <Filter Include="framework\EliteAI\EliteNavigation">
      <UniqueIdentifier>{052c86d5-b536-459b-8595-cc43f71f6df4}</UniqueIdentifier>
    </Filter>
    <Filter Include="framework\EliteAI\EliteGraphs">
      <UniqueIdentifier>{baf9ad81-cadc-4c43-a1d3-934880b28986}</UniqueIdentifier>
    </Filter>
    <Filter Include="framework\EliteAI\EliteNavigation\Algorithms">
      <UniqueIdentifier>{b262fb13-4457-4b74-b406-9aaa45ee926c}</UniqueIdentifier>
    </Filter>
    <Filter Include="projects\Movement\Pathfinding\NavMeshGraph">
      <UniqueIdentifier>{0ba3f4bf-bcdf-4d14-be30-2131b63ea1bf}</UniqueIdentifier>
    </Filter>
    <Filter Include="framework\EliteAI\EliteData">
      <UniqueIdentifier>{4eba0175-66b8-457d-ad6d-4396051b0301}</UniqueIdentifier>
    </Filter>
    <Filter Include="framework\EliteAI\EliteDecisionMaking">
      <UniqueIdentifier>{c0d156d6-64ee-4a4e-a4b2-8aaf8b2feaaf}</UniqueIdentifier>
    </Filter>
    <Filter Include="framework\EliteAI\EliteDecisionMaking\EliteFiniteStateMachine">
      <UniqueIdentifier>{ce111832-1eaa-4ae9-a885-03b510ee5f65}</UniqueIdentifier>
    </Filter>
    <Filter Include="projects\DecisionMaking">
      <UniqueIdentifier>{1a08a8cc-dd61-4e73-926c-20ab05015bfb}</UniqueIdentifier>
    </Filter>
    <Filter Include="projects\DecisionMaking\FiniteStateMachines">
      <UniqueIdentifier>{974ee5d8-f634-4220-a912-cd496dcf9b9d}</UniqueIdentifier>
    </Filter>
    <Filter Include="projects\Shared\Agario">
      <UniqueIdentifier>{a8ff8eb2-78ff-44df-92b7-3f3cb7fa3071}</UniqueIdentifier>
    </Filter>
    <Filter Include="framework\EliteAI\EliteDecisionMaking\EliteBehaviorTree">
      <UniqueIdentifier>{7f014421-7eed-4414-be70-18b5f9fcb617}</UniqueIdentifier>
    </Filter>
    <Filter Include="projects\DecisionMaking\BehaviorTrees">
      <UniqueIdentifier>{2058392f-ce5a-4bec-82e8-6e58c7a6a411}</UniqueIdentifier>
    </Filter>
    <Filter Include="projects\DecisionMaking\InfluenceMaps">
      <UniqueIdentifier>{83006895-1fa8-4406-a231-34e6cb60fb0b}</UniqueIdentifier>
    </Filter>
    <Filter Include="projects\MachineLearning">
      <UniqueIdentifier>{18fefcff-2afc-4b50-99a3-4f57286a0480}</UniqueIdentifier>
    </Filter>
    <Filter Include="projects\Movement\Pathfinding\PathfindingJPS">
      <UniqueIdentifier>{790d10fa-9569-4818-8a1b-3420c863ea0c}</UniqueIdentifier>
    </Filter>
  </ItemGroup>
  <ItemGroup>
    <ClCompile Include="framework\EliteGeometry\EGeometry2DTypes.cpp">
      <Filter>framework\EliteGeometry</Filter>
    </ClCompile>
    <ClCompile Include="framework\EliteInput\EInputManager.cpp">
      <Filter>framework\EliteInput</Filter>
    </ClCompile>
    <ClCompile Include="framework\EliteMath\EMatrix2x3.cpp">
      <Filter>framework\EliteMath</Filter>
    </ClCompile>
    <ClCompile Include="framework\ElitePhysics\Box2DIntegration\ERigidBodyBox2D.cpp">
      <Filter>framework\ElitePhysics\Box2DIntegration</Filter>
    </ClCompile>
    <ClCompile Include="framework\ElitePhysics\Box2DIntegration\EPhysicsWorldBox2D.cpp">
      <Filter>framework\ElitePhysics\Box2DIntegration</Filter>
    </ClCompile>
    <ClCompile Include="framework\EliteRendering\2DCamera\ECamera2D.cpp">
      <Filter>framework\EliteRendering\2DCamera</Filter>
    </ClCompile>
    <ClCompile Include="framework\EliteRendering\SDLIntegration\SDLDebugRenderer2D\SDLDebugRenderer2D.cpp">
      <Filter>framework\EliteRendering\SDLIntegration\SDLDebugRenderer2D</Filter>
    </ClCompile>
    <ClCompile Include="framework\EliteRendering\SDLIntegration\SDLFrame\SDLFrame.cpp">
      <Filter>framework\EliteRendering\SDLIntegration\SDLFrame</Filter>
    </ClCompile>
    <ClCompile Include="framework\EliteTimer\SDLTimer\ETimer_SDL.cpp">
      <Filter>framework\EliteTimer\SDLTimer</Filter>
    </ClCompile>
    <ClCompile Include="framework\EliteUI\EImmediateUI.cpp">
      <Filter>framework\EliteUI</Filter>
    </ClCompile>
    <ClCompile Include="framework\EliteWindow\SDLWindow\SDLWindow.cpp">
      <Filter>framework\EliteWindow\SDLWindow</Filter>
    </ClCompile>
    <ClCompile Include="framework\EliteRendering\SDLIntegration\SDLHelpers\gl3w.c">
      <Filter>framework\EliteRendering\SDLIntegration\SDLHelpers</Filter>
    </ClCompile>
    <ClCompile Include="framework\main.cpp">
      <Filter>framework</Filter>
    </ClCompile>
    <ClCompile Include="projects\Movement\Sandbox\App_Sandbox.cpp">
      <Filter>projects\Movement\Sandbox</Filter>
    </ClCompile>
    <ClCompile Include="projects\Movement\Sandbox\SandboxAgent.cpp">
      <Filter>projects\Movement\Sandbox</Filter>
    </ClCompile>
    <ClCompile Include="projects\Movement\SteeringBehaviors\Steering\App_SteeringBehaviors.cpp">
      <Filter>projects\Movement\SteeringBehaviors\Steering</Filter>
    </ClCompile>
    <ClCompile Include="projects\Movement\SteeringBehaviors\Obstacle.cpp">
      <Filter>projects\Movement\SteeringBehaviors</Filter>
    </ClCompile>
    <ClCompile Include="projects\Movement\SteeringBehaviors\SteeringAgent.cpp">
      <Filter>projects\Movement\SteeringBehaviors</Filter>
    </ClCompile>
    <ClCompile Include="projects\Movement\SteeringBehaviors\Steering\SteeringBehaviors.cpp">
      <Filter>projects\Movement\SteeringBehaviors\Steering</Filter>
    </ClCompile>
    <ClCompile Include="projects\Shared\BaseAgent.cpp">
      <Filter>projects\Shared</Filter>
    </ClCompile>
    <ClCompile Include="projects\Shared\NavigationColliderElement.cpp">
      <Filter>projects\Shared</Filter>
    </ClCompile>
    <ClCompile Include="stdafx.cpp" />
    <ClCompile Include="projects\Movement\SteeringBehaviors\CombinedSteering\App_CombinedSteering.cpp">
      <Filter>projects\Movement\SteeringBehaviors\CombinedSteering</Filter>
    </ClCompile>
    <ClCompile Include="projects\Movement\SteeringBehaviors\CombinedSteering\CombinedSteeringBehaviors.cpp">
      <Filter>projects\Movement\SteeringBehaviors\CombinedSteering</Filter>
    </ClCompile>
    <ClCompile Include="projects\Movement\SteeringBehaviors\Flocking\App_Flocking.cpp">
      <Filter>projects\Movement\SteeringBehaviors\Flocking</Filter>
    </ClCompile>
    <ClCompile Include="projects\Movement\SteeringBehaviors\Flocking\FlockingSteeringBehaviors.cpp">
      <Filter>projects\Movement\SteeringBehaviors\Flocking</Filter>
    </ClCompile>
    <ClCompile Include="projects\Movement\SteeringBehaviors\Flocking\TheFlock.cpp">
      <Filter>projects\Movement\SteeringBehaviors\Flocking</Filter>
    </ClCompile>
    <ClCompile Include="projects\Movement\SteeringBehaviors\SpacePartitioning\SpacePartitioning.cpp">
      <Filter>projects\Movement\SteeringBehaviors\SpacePartitioning</Filter>
    </ClCompile>
    <ClCompile Include="framework\EliteAI\EliteGraphs\EGraphConnectionTypes.cpp">
      <Filter>framework\EliteAI</Filter>
    </ClCompile>
    <ClCompile Include="framework\EliteAI\EliteGraphs\EliteGraphUtilities\EGraphEditor.cpp">
      <Filter>framework\EliteAI\EliteGraphUtilities</Filter>
    </ClCompile>
    <ClCompile Include="framework\EliteAI\EliteGraphs\EliteGraphUtilities\EGraphRenderer.cpp">
      <Filter>framework\EliteAI\EliteGraphUtilities</Filter>
    </ClCompile>
    <ClCompile Include="projects\Movement\Pathfinding\GraphTheory\App_GraphTheory.cpp">
      <Filter>projects\Movement\Pathfinding</Filter>
    </ClCompile>
    <ClCompile Include="projects\PathfindingAStar\App_PathfindingAStar\App_PathfindingAStar.cpp">
      <Filter>projects\Movement\Pathfinding\PathfindingAStar</Filter>
    </ClCompile>
    <ClCompile Include="framework\EliteAI\EliteGraphs\EGraphNodeTypes.cpp">
      <Filter>framework\EliteAI\EliteGraphs</Filter>
    </ClCompile>
    <ClCompile Include="framework\EliteAI\EliteGraphs\ENavGraph.cpp">
      <Filter>framework\EliteAI\EliteGraphs</Filter>
    </ClCompile>
    <ClCompile Include="projects\Movement\Pathfinding\NavMeshGraph\App_NavMeshGraph.cpp">
      <Filter>projects\Movement\Pathfinding\NavMeshGraph</Filter>
    </ClCompile>
    <ClCompile Include="framework\EliteAI\EliteDecisionMaking\EliteFiniteStateMachine\EFiniteStateMachine.cpp">
      <Filter>framework\EliteAI\EliteDecisionMaking\EliteFiniteStateMachine</Filter>
    </ClCompile>
    <ClCompile Include="projects\DecisionMaking\FiniteStateMachines\App_AgarioGame.cpp">
      <Filter>projects\DecisionMaking\FiniteStateMachines</Filter>
    </ClCompile>
    <ClCompile Include="projects\DecisionMaking\FiniteStateMachines\StatesAndTransitions.cpp">
      <Filter>projects\DecisionMaking\FiniteStateMachines</Filter>
    </ClCompile>
    <ClCompile Include="projects\Shared\Agario\AgarioAgent.cpp">
      <Filter>projects\Shared\Agario</Filter>
    </ClCompile>
    <ClCompile Include="projects\Shared\Agario\AgarioContactListener.cpp">
      <Filter>projects\Shared\Agario</Filter>
    </ClCompile>
    <ClCompile Include="projects\Shared\Agario\AgarioFood.cpp">
      <Filter>projects\Shared\Agario</Filter>
    </ClCompile>
    <ClCompile Include="framework\EliteAI\EliteDecisionMaking\EliteBehaviorTree\EBehaviorTree.cpp">
      <Filter>framework\EliteAI\EliteDecisionMaking\EliteBehaviorTree</Filter>
    </ClCompile>
    <ClCompile Include="projects\DecisionMaking\BehaviorTrees\App_AgarioGame_BT.cpp">
      <Filter>projects\DecisionMaking\BehaviorTrees</Filter>
    </ClCompile>
    <ClCompile Include="framework\EliteAI\EliteGraphs\EInfluenceMap.cpp">
      <Filter>framework\EliteAI\EliteGraphs</Filter>
    </ClCompile>
    <ClCompile Include="projects\DecisionMaking\InfluenceMaps\App_InfluenceMap.cpp">
      <Filter>projects\DecisionMaking\InfluenceMaps</Filter>
    </ClCompile>
    <ClCompile Include="projects\DecisionMaking\InfluenceMaps\App_AgarioGame_IM.cpp">
      <Filter>projects\DecisionMaking\InfluenceMaps</Filter>
    </ClCompile>
    <ClCompile Include="Behaviors.cpp">
      <Filter>projects\DecisionMaking\BehaviorTrees</Filter>
    </ClCompile>
    <ClCompile Include="projects\MachineLearning\App_MachineLearning.cpp">
      <Filter>projects\MachineLearning</Filter>
    </ClCompile>
    <ClCompile Include="projects\MachineLearning\DynamicQLearning.cpp">
      <Filter>projects\MachineLearning</Filter>
    </ClCompile>
    <ClCompile Include="projects\MachineLearning\Food.cpp">
      <Filter>projects\MachineLearning</Filter>
    </ClCompile>
    <ClCompile Include="projects\MachineLearning\QBot.cpp">
      <Filter>projects\MachineLearning</Filter>
    </ClCompile>
    <ClCompile Include="projects\MachineLearning\QLearning.cpp">
      <Filter>projects\MachineLearning</Filter>
    </ClCompile>
    <ClCompile Include="projects\Movement\Pathfinding\PathfindingJPS\App_PathfindingJPS.cpp">
      <Filter>projects\Movement\Pathfinding\PathfindingJPS</Filter>
    </ClCompile>
  </ItemGroup>
  <ItemGroup>
    <ClInclude Include="framework\EliteMath\FMatrix.h">
      <Filter>framework\EliteMath</Filter>
    </ClInclude>
    <ClInclude Include="framework\EliteHelpers\ESingleton.h">
      <Filter>framework\EliteHelpers</Filter>
    </ClInclude>
    <ClInclude Include="framework\EliteInput\EInputData.h">
      <Filter>framework\EliteInput</Filter>
    </ClInclude>
    <ClInclude Include="framework\EliteInput\EInputManager.h">
      <Filter>framework\EliteInput</Filter>
    </ClInclude>
    <ClInclude Include="framework\EliteInput\EInputCodes.h">
      <Filter>framework\EliteInput</Filter>
    </ClInclude>
    <ClInclude Include="framework\EliteMath\EMatrix2x3.h">
      <Filter>framework\EliteMath</Filter>
    </ClInclude>
    <ClInclude Include="framework\ElitePhysics\Box2DIntegration\Box2DRenderer.h">
      <Filter>framework\ElitePhysics\Box2DIntegration</Filter>
    </ClInclude>
    <ClInclude Include="framework\EliteRendering\2DCamera\ECamera2D.h">
      <Filter>framework\EliteRendering\2DCamera</Filter>
    </ClInclude>
    <ClInclude Include="framework\EliteRendering\EDebugRenderer2D.h">
      <Filter>framework\EliteRendering</Filter>
    </ClInclude>
    <ClInclude Include="framework\EliteRendering\ERendering.h">
      <Filter>framework\EliteRendering</Filter>
    </ClInclude>
    <ClInclude Include="framework\EliteRendering\EFrameBase.h">
      <Filter>framework\EliteRendering</Filter>
    </ClInclude>
    <ClInclude Include="framework\EliteRendering\ERenderingTypes.h">
      <Filter>framework\EliteRendering</Filter>
    </ClInclude>
    <ClInclude Include="framework\EliteRendering\SDLIntegration\SDLDebugRenderer2D\SDLDebugRenderer2D.h">
      <Filter>framework\EliteRendering\SDLIntegration\SDLDebugRenderer2D</Filter>
    </ClInclude>
    <ClInclude Include="framework\EliteRendering\SDLIntegration\SDLFrame\SDLFrame.h">
      <Filter>framework\EliteRendering\SDLIntegration\SDLFrame</Filter>
    </ClInclude>
    <ClInclude Include="framework\EliteRendering\Shaders.h">
      <Filter>framework\EliteRendering</Filter>
    </ClInclude>
    <ClInclude Include="framework\EliteTimer\ETimer.h">
      <Filter>framework\EliteTimer</Filter>
    </ClInclude>
    <ClInclude Include="framework\EliteUI\EImmediateUI.h">
      <Filter>framework\EliteUI</Filter>
    </ClInclude>
    <ClInclude Include="framework\EliteWindow\EWindow.h">
      <Filter>framework\EliteWindow</Filter>
    </ClInclude>
    <ClInclude Include="framework\EliteWindow\EWindowBase.h">
      <Filter>framework\EliteWindow</Filter>
    </ClInclude>
    <ClInclude Include="framework\EliteGeometry\EGeometry.h">
      <Filter>framework\EliteGeometry</Filter>
    </ClInclude>
    <ClInclude Include="framework\EliteGeometry\EGeometry2DTypes.h">
      <Filter>framework\EliteGeometry</Filter>
    </ClInclude>
    <ClInclude Include="framework\EliteGeometry\EGeometry2DUtilities.h">
      <Filter>framework\EliteGeometry</Filter>
    </ClInclude>
    <ClInclude Include="framework\EliteMath\EMat22.h">
      <Filter>framework\EliteMath</Filter>
    </ClInclude>
    <ClInclude Include="framework\EliteMath\EMath.h">
      <Filter>framework\EliteMath</Filter>
    </ClInclude>
    <ClInclude Include="framework\EliteMath\EMathUtilities.h">
      <Filter>framework\EliteMath</Filter>
    </ClInclude>
    <ClInclude Include="framework\EliteMath\EVector2.h">
      <Filter>framework\EliteMath</Filter>
    </ClInclude>
    <ClInclude Include="framework\EliteMath\EVector3.h">
      <Filter>framework\EliteMath</Filter>
    </ClInclude>
    <ClInclude Include="framework\ElitePhysics\EPhysics.h">
      <Filter>framework\ElitePhysics</Filter>
    </ClInclude>
    <ClInclude Include="framework\ElitePhysics\EPhysicsShapes.h">
      <Filter>framework\ElitePhysics</Filter>
    </ClInclude>
    <ClInclude Include="framework\ElitePhysics\EPhysicsTypes.h">
      <Filter>framework\ElitePhysics</Filter>
    </ClInclude>
    <ClInclude Include="framework\ElitePhysics\EPhysicsWorldBase.h">
      <Filter>framework\ElitePhysics</Filter>
    </ClInclude>
    <ClInclude Include="framework\ElitePhysics\ERigidBodyBase.h">
      <Filter>framework\ElitePhysics</Filter>
    </ClInclude>
    <ClInclude Include="framework\EliteWindow\SDLWindow\SDLWindow.h">
      <Filter>framework\EliteWindow\SDLWindow</Filter>
    </ClInclude>
    <ClInclude Include="framework\math\CoreDefines.h">
      <Filter>framework\math</Filter>
    </ClInclude>
    <ClInclude Include="framework\math\EMat22.h">
      <Filter>framework\math</Filter>
    </ClInclude>
    <ClInclude Include="framework\math\EMath.h">
      <Filter>framework\math</Filter>
    </ClInclude>
    <ClInclude Include="framework\math\EMathUtilities.h">
      <Filter>framework\math</Filter>
    </ClInclude>
    <ClInclude Include="framework\math\EVector2.h">
      <Filter>framework\math</Filter>
    </ClInclude>
    <ClInclude Include="framework\math\EVector3.h">
      <Filter>framework\math</Filter>
    </ClInclude>
    <ClInclude Include="framework\EliteRendering\SDLIntegration\SDLHelpers\gl3w.h">
      <Filter>framework\EliteRendering\SDLIntegration\SDLHelpers</Filter>
    </ClInclude>
    <ClInclude Include="framework\EliteRendering\SDLIntegration\SDLHelpers\glcorearb.h">
      <Filter>framework\EliteRendering\SDLIntegration\SDLHelpers</Filter>
    </ClInclude>
    <ClInclude Include="framework\EliteInterfaces\EIApp.h">
      <Filter>framework\EliteInterfaces</Filter>
    </ClInclude>
    <ClInclude Include="projects\Shared\NavigationColliderElement.h">
      <Filter>projects\Shared</Filter>
    </ClInclude>
    <ClInclude Include="projects\Movement\Sandbox\App_Sandbox.h">
      <Filter>projects\Movement\Sandbox</Filter>
    </ClInclude>
    <ClInclude Include="projects\Movement\Sandbox\SandboxAgent.h">
      <Filter>projects\Movement\Sandbox</Filter>
    </ClInclude>
    <ClInclude Include="projects\App_Selector.h">
      <Filter>projects</Filter>
    </ClInclude>
    <ClInclude Include="projects\Movement\SteeringBehaviors\Steering\App_SteeringBehaviors.h">
      <Filter>projects\Movement\SteeringBehaviors\Steering</Filter>
    </ClInclude>
    <ClInclude Include="projects\Movement\SteeringBehaviors\Obstacle.h">
      <Filter>projects\Movement\SteeringBehaviors</Filter>
    </ClInclude>
    <ClInclude Include="projects\Movement\SteeringBehaviors\SteeringAgent.h">
      <Filter>projects\Movement\SteeringBehaviors</Filter>
    </ClInclude>
    <ClInclude Include="projects\Movement\SteeringBehaviors\Steering\SteeringBehaviors.h">
      <Filter>projects\Movement\SteeringBehaviors\Steering</Filter>
    </ClInclude>
    <ClInclude Include="projects\Movement\SteeringBehaviors\SteeringHelpers.h">
      <Filter>projects\Movement\SteeringBehaviors</Filter>
    </ClInclude>
    <ClInclude Include="projects\Shared\BaseAgent.h">
      <Filter>projects\Shared</Filter>
    </ClInclude>
    <ClInclude Include="stdafx.h" />
    <ClInclude Include="projects\Movement\SteeringBehaviors\CombinedSteering\App_CombinedSteering.h">
      <Filter>projects\Movement\SteeringBehaviors\CombinedSteering</Filter>
    </ClInclude>
    <ClInclude Include="projects\Movement\SteeringBehaviors\CombinedSteering\CombinedSteeringBehaviors.h">
      <Filter>projects\Movement\SteeringBehaviors\CombinedSteering</Filter>
    </ClInclude>
    <ClInclude Include="projects\Movement\SteeringBehaviors\Flocking\App_Flocking.h">
      <Filter>projects\Movement\SteeringBehaviors\Flocking</Filter>
    </ClInclude>
    <ClInclude Include="projects\Movement\SteeringBehaviors\Flocking\FlockingSteeringBehaviors.h">
      <Filter>projects\Movement\SteeringBehaviors\Flocking</Filter>
    </ClInclude>
    <ClInclude Include="projects\Movement\SteeringBehaviors\Flocking\TheFlock.h">
      <Filter>projects\Movement\SteeringBehaviors\Flocking</Filter>
    </ClInclude>
    <ClInclude Include="projects\Movement\SteeringBehaviors\SpacePartitioning\SpacePartitioning.h">
      <Filter>projects\Movement\SteeringBehaviors\SpacePartitioning</Filter>
    </ClInclude>
    <ClInclude Include="framework\EliteAI\EliteGraphs\EGraph2D.h">
      <Filter>framework\EliteAI</Filter>
    </ClInclude>
    <ClInclude Include="framework\EliteAI\EliteGraphs\EGraphConnectionTypes.h">
      <Filter>framework\EliteAI</Filter>
    </ClInclude>
    <ClInclude Include="framework\EliteAI\EliteGraphs\EGridGraph.h">
      <Filter>framework\EliteAI</Filter>
    </ClInclude>
    <ClInclude Include="framework\EliteAI\EliteGraphs\EIGraph.h">
      <Filter>framework\EliteAI</Filter>
    </ClInclude>
    <ClInclude Include="framework\EliteAI\EliteGraphs\EliteGraphAlgorithms\EEularianPath.h">
      <Filter>framework\EliteAI\EliteGraphAlgorithms</Filter>
    </ClInclude>
    <ClInclude Include="framework\EliteAI\EliteGraphs\EliteGraphUtilities\EGraphEditor.h">
      <Filter>framework\EliteAI\EliteGraphUtilities</Filter>
    </ClInclude>
    <ClInclude Include="framework\EliteAI\EliteGraphs\EliteGraphUtilities\EGraphRenderer.h">
      <Filter>framework\EliteAI\EliteGraphUtilities</Filter>
    </ClInclude>
    <ClInclude Include="framework\EliteAI\EliteGraphs\EliteGraphUtilities\EGraphVisuals.h">
      <Filter>framework\EliteAI\EliteGraphUtilities</Filter>
    </ClInclude>
    <ClInclude Include="projects\Movement\Pathfinding\GraphTheory\App_GraphTheory.h">
      <Filter>projects\Movement\Pathfinding</Filter>
    </ClInclude>
    <ClInclude Include="projects\PathfindingAStar\App_PathfindingAStar\App_PathfindingAStar.h">
      <Filter>projects\Movement\Pathfinding\PathfindingAStar</Filter>
    </ClInclude>
    <ClInclude Include="framework\EliteAI\EliteGraphs\EliteGraphAlgorithms\EAStar.h">
      <Filter>framework\EliteAI\EliteGraphAlgorithms</Filter>
    </ClInclude>
    <ClInclude Include="framework\EliteAI\EliteGraphs\EliteGraphAlgorithms\EBFS.h">
      <Filter>framework\EliteAI\EliteGraphAlgorithms</Filter>
    </ClInclude>
    <ClInclude Include="framework\EliteAI\EliteNavigation\EHeuristicFunctions.h">
      <Filter>framework\EliteAI\EliteNavigation</Filter>
    </ClInclude>
    <ClInclude Include="framework\EliteAI\EliteNavigation\ENavigation.h">
      <Filter>framework\EliteAI\EliteNavigation</Filter>
    </ClInclude>
    <ClInclude Include="framework\EliteAI\EliteGraphs\EGraphNodeTypes.h">
      <Filter>framework\EliteAI\EliteGraphs</Filter>
    </ClInclude>
    <ClInclude Include="framework\EliteAI\EliteGraphs\ENavGraph.h">
      <Filter>framework\EliteAI\EliteGraphs</Filter>
    </ClInclude>
    <ClInclude Include="framework\EliteAI\EliteNavigation\Algorithms\ENavGraphPathfinding.h">
      <Filter>framework\EliteAI\EliteNavigation\Algorithms</Filter>
    </ClInclude>
    <ClInclude Include="framework\EliteAI\EliteNavigation\Algorithms\EPathSmoothing.h">
      <Filter>framework\EliteAI\EliteNavigation\Algorithms</Filter>
    </ClInclude>
    <ClInclude Include="projects\Movement\Pathfinding\NavMeshGraph\App_NavMeshGraph.h">
      <Filter>projects\Movement\Pathfinding\NavMeshGraph</Filter>
    </ClInclude>
    <ClInclude Include="framework\EliteAI\EliteData\EBlackboard.h">
      <Filter>framework\EliteAI\EliteData</Filter>
    </ClInclude>
    <ClInclude Include="framework\EliteAI\EliteDecisionMaking\EDecisionMaking.h">
      <Filter>framework\EliteAI\EliteDecisionMaking</Filter>
    </ClInclude>
    <ClInclude Include="framework\EliteAI\EliteGraphs\EGraphEnums.h">
      <Filter>framework\EliteHelpers</Filter>
    </ClInclude>
    <ClInclude Include="framework\EliteAI\EliteDecisionMaking\EliteFiniteStateMachine\EFiniteStateMachine.h">
      <Filter>framework\EliteAI\EliteDecisionMaking\EliteFiniteStateMachine</Filter>
    </ClInclude>
    <ClInclude Include="projects\DecisionMaking\FiniteStateMachines\App_AgarioGame.h">
      <Filter>projects\DecisionMaking\FiniteStateMachines</Filter>
    </ClInclude>
    <ClInclude Include="projects\DecisionMaking\FiniteStateMachines\StatesAndTransitions.h">
      <Filter>projects\DecisionMaking\FiniteStateMachines</Filter>
    </ClInclude>
    <ClInclude Include="projects\Shared\Agario\AgarioAgent.h">
      <Filter>projects\Shared\Agario</Filter>
    </ClInclude>
    <ClInclude Include="projects\Shared\Agario\AgarioContactListener.h">
      <Filter>projects\Shared\Agario</Filter>
    </ClInclude>
    <ClInclude Include="projects\Shared\Agario\AgarioData.h">
      <Filter>projects\Shared\Agario</Filter>
    </ClInclude>
    <ClInclude Include="projects\Shared\Agario\AgarioFood.h">
      <Filter>projects\Shared\Agario</Filter>
    </ClInclude>
    <ClInclude Include="framework\EliteAI\EliteDecisionMaking\EliteBehaviorTree\EBehaviorTree.h">
      <Filter>framework\EliteAI\EliteDecisionMaking\EliteBehaviorTree</Filter>
    </ClInclude>
    <ClInclude Include="projects\DecisionMaking\BehaviorTrees\Behaviors.h">
      <Filter>projects\DecisionMaking\BehaviorTrees</Filter>
    </ClInclude>
    <ClInclude Include="projects\DecisionMaking\BehaviorTrees\App_AgarioGame_BT.h">
      <Filter>projects\DecisionMaking\BehaviorTrees</Filter>
    </ClInclude>
    <ClInclude Include="framework\EliteAI\EliteGraphs\EInfluenceMap.h">
      <Filter>framework\EliteAI\EliteGraphs</Filter>
    </ClInclude>
    <ClInclude Include="projects\DecisionMaking\InfluenceMaps\App_InfluenceMap.h">
      <Filter>projects\DecisionMaking\InfluenceMaps</Filter>
    </ClInclude>
    <ClInclude Include="projects\DecisionMaking\InfluenceMaps\App_AgarioGame_IM.h">
      <Filter>projects\DecisionMaking\InfluenceMaps</Filter>
    </ClInclude>
    <ClInclude Include="projects\MachineLearning\App_MachineLearning.h">
      <Filter>projects\MachineLearning</Filter>
    </ClInclude>
    <ClInclude Include="projects\MachineLearning\DynamicQLearning.h">
      <Filter>projects\MachineLearning</Filter>
    </ClInclude>
    <ClInclude Include="projects\MachineLearning\Food.h">
      <Filter>projects\MachineLearning</Filter>
    </ClInclude>
    <ClInclude Include="projects\MachineLearning\QBot.h">
      <Filter>projects\MachineLearning</Filter>
    </ClInclude>
    <ClInclude Include="projects\MachineLearning\QLearning.h">
      <Filter>projects\MachineLearning</Filter>
    </ClInclude>
    <ClInclude Include="projects\Movement\Pathfinding\PathfindingJPS\App_PathfindingJPS.h">
      <Filter>projects\Movement\Pathfinding\PathfindingJPS</Filter>
    </ClInclude>
    <ClInclude Include="framework\EliteAI\EliteGraphs\EliteGraphAlgorithms\EJPS.h">
      <Filter>framework\EliteAI\EliteGraphAlgorithms</Filter>
    </ClInclude>
  </ItemGroup>
  <ItemGroup>
    <None Include="imgui.ini" />
  </ItemGroup>
</Project>